// !$*UTF8*$!
{
	archiveVersion = 1;
	classes = {
	};
	objectVersion = 50;
	objects = {

/* Begin PBXBuildFile section */
		E9A1550725E4E80400128708 /* AppDelegate.swift in Sources */ = {isa = PBXBuildFile; fileRef = E9A1550625E4E80400128708 /* AppDelegate.swift */; };
		E9A1550925E4E80400128708 /* SceneDelegate.swift in Sources */ = {isa = PBXBuildFile; fileRef = E9A1550825E4E80400128708 /* SceneDelegate.swift */; };
		E9A1550B25E4E80400128708 /* ViewController.swift in Sources */ = {isa = PBXBuildFile; fileRef = E9A1550A25E4E80400128708 /* ViewController.swift */; };
		E9A1550E25E4E80400128708 /* Main.storyboard in Resources */ = {isa = PBXBuildFile; fileRef = E9A1550C25E4E80400128708 /* Main.storyboard */; };
		E9A1551025E4E80500128708 /* Assets.xcassets in Resources */ = {isa = PBXBuildFile; fileRef = E9A1550F25E4E80500128708 /* Assets.xcassets */; };
		E9A1551325E4E80500128708 /* LaunchScreen.storyboard in Resources */ = {isa = PBXBuildFile; fileRef = E9A1551125E4E80500128708 /* LaunchScreen.storyboard */; };
		E9A1552425E4FF7200128708 /* VideoCompositeViewController.swift in Sources */ = {isa = PBXBuildFile; fileRef = E9A1552325E4FF7200128708 /* VideoCompositeViewController.swift */; };
		E9A1552B25E4FFF300128708 /* sound.mp3 in Resources */ = {isa = PBXBuildFile; fileRef = E9A1552725E4FFF000128708 /* sound.mp3 */; };
		E9A1552C25E4FFF300128708 /* bossSound.mp3 in Resources */ = {isa = PBXBuildFile; fileRef = E9A1552825E4FFF100128708 /* bossSound.mp3 */; };
		E9A1552D25E4FFF300128708 /* Logic.mp4 in Resources */ = {isa = PBXBuildFile; fileRef = E9A1552925E4FFF200128708 /* Logic.mp4 */; };
		E9A1552E25E4FFF300128708 /* Girl.mp4 in Resources */ = {isa = PBXBuildFile; fileRef = E9A1552A25E4FFF300128708 /* Girl.mp4 */; };
		E9A1553325E5091600128708 /* ListenMusicViewController.swift in Sources */ = {isa = PBXBuildFile; fileRef = E9A1553225E5091600128708 /* ListenMusicViewController.swift */; };
		E9A1553825E510BD00128708 /* UseAVFoundationViewController.swift in Sources */ = {isa = PBXBuildFile; fileRef = E9A1553725E510BD00128708 /* UseAVFoundationViewController.swift */; };
/* End PBXBuildFile section */

/* Begin PBXFileReference section */
		E9A1550325E4E80400128708 /* EditVideoDemo.app */ = {isa = PBXFileReference; explicitFileType = wrapper.application; includeInIndex = 0; path = EditVideoDemo.app; sourceTree = BUILT_PRODUCTS_DIR; };
		E9A1550625E4E80400128708 /* AppDelegate.swift */ = {isa = PBXFileReference; lastKnownFileType = sourcecode.swift; path = AppDelegate.swift; sourceTree = "<group>"; };
		E9A1550825E4E80400128708 /* SceneDelegate.swift */ = {isa = PBXFileReference; lastKnownFileType = sourcecode.swift; path = SceneDelegate.swift; sourceTree = "<group>"; };
		E9A1550A25E4E80400128708 /* ViewController.swift */ = {isa = PBXFileReference; lastKnownFileType = sourcecode.swift; path = ViewController.swift; sourceTree = "<group>"; };
		E9A1550D25E4E80400128708 /* Base */ = {isa = PBXFileReference; lastKnownFileType = file.storyboard; name = Base; path = Base.lproj/Main.storyboard; sourceTree = "<group>"; };
		E9A1550F25E4E80500128708 /* Assets.xcassets */ = {isa = PBXFileReference; lastKnownFileType = folder.assetcatalog; path = Assets.xcassets; sourceTree = "<group>"; };
		E9A1551225E4E80500128708 /* Base */ = {isa = PBXFileReference; lastKnownFileType = file.storyboard; name = Base; path = Base.lproj/LaunchScreen.storyboard; sourceTree = "<group>"; };
		E9A1551425E4E80500128708 /* Info.plist */ = {isa = PBXFileReference; lastKnownFileType = text.plist.xml; path = Info.plist; sourceTree = "<group>"; };
		E9A1552325E4FF7200128708 /* VideoCompositeViewController.swift */ = {isa = PBXFileReference; lastKnownFileType = sourcecode.swift; path = VideoCompositeViewController.swift; sourceTree = "<group>"; };
		E9A1552725E4FFF000128708 /* sound.mp3 */ = {isa = PBXFileReference; lastKnownFileType = audio.mp3; path = sound.mp3; sourceTree = "<group>"; };
		E9A1552825E4FFF100128708 /* bossSound.mp3 */ = {isa = PBXFileReference; lastKnownFileType = audio.mp3; path = bossSound.mp3; sourceTree = "<group>"; };
		E9A1552925E4FFF200128708 /* Logic.mp4 */ = {isa = PBXFileReference; lastKnownFileType = file; path = Logic.mp4; sourceTree = "<group>"; };
		E9A1552A25E4FFF300128708 /* Girl.mp4 */ = {isa = PBXFileReference; lastKnownFileType = file; path = Girl.mp4; sourceTree = "<group>"; };
		E9A1553225E5091600128708 /* ListenMusicViewController.swift */ = {isa = PBXFileReference; lastKnownFileType = sourcecode.swift; path = ListenMusicViewController.swift; sourceTree = "<group>"; };
		E9A1553725E510BD00128708 /* UseAVFoundationViewController.swift */ = {isa = PBXFileReference; lastKnownFileType = sourcecode.swift; path = UseAVFoundationViewController.swift; sourceTree = "<group>"; };
/* End PBXFileReference section */

/* Begin PBXFrameworksBuildPhase section */
		E9A1550025E4E80400128708 /* Frameworks */ = {
			isa = PBXFrameworksBuildPhase;
			buildActionMask = 2147483647;
			files = (
			);
			runOnlyForDeploymentPostprocessing = 0;
		};
/* End PBXFrameworksBuildPhase section */

/* Begin PBXGroup section */
		E9A154FA25E4E80400128708 = {
			isa = PBXGroup;
			children = (
				E9A1550525E4E80400128708 /* EditVideoDemo */,
				E9A1550425E4E80400128708 /* Products */,
			);
			sourceTree = "<group>";
		};
		E9A1550425E4E80400128708 /* Products */ = {
			isa = PBXGroup;
			children = (
				E9A1550325E4E80400128708 /* EditVideoDemo.app */,
			);
			name = Products;
			sourceTree = "<group>";
		};
		E9A1550525E4E80400128708 /* EditVideoDemo */ = {
			isa = PBXGroup;
			children = (
				E9A1552225E4FF5E00128708 /* AVFoundation */,
				E9A1550A25E4E80400128708 /* ViewController.swift */,
				E9A1551B25E4E80C00128708 /* SupportingFiles */,
				E9A1551425E4E80500128708 /* Info.plist */,
			);
			path = EditVideoDemo;
			sourceTree = "<group>";
		};
		E9A1551B25E4E80C00128708 /* SupportingFiles */ = {
			isa = PBXGroup;
			children = (
				E9A1552925E4FFF200128708 /* Logic.mp4 */,
				E9A1552725E4FFF000128708 /* sound.mp3 */,
				E9A1552A25E4FFF300128708 /* Girl.mp4 */,
				E9A1552825E4FFF100128708 /* bossSound.mp3 */,
				E9A1550625E4E80400128708 /* AppDelegate.swift */,
				E9A1550825E4E80400128708 /* SceneDelegate.swift */,
				E9A1550C25E4E80400128708 /* Main.storyboard */,
				E9A1550F25E4E80500128708 /* Assets.xcassets */,
				E9A1551125E4E80500128708 /* LaunchScreen.storyboard */,
			);
			path = SupportingFiles;
			sourceTree = "<group>";
		};
		E9A1552225E4FF5E00128708 /* AVFoundation */ = {
			isa = PBXGroup;
			children = (
				E9A1553725E510BD00128708 /* UseAVFoundationViewController.swift */,
				E9A1552325E4FF7200128708 /* VideoCompositeViewController.swift */,
				E9A1553225E5091600128708 /* ListenMusicViewController.swift */,
			);
			path = AVFoundation;
			sourceTree = "<group>";
		};
/* End PBXGroup section */

/* Begin PBXNativeTarget section */
		E9A1550225E4E80400128708 /* EditVideoDemo */ = {
			isa = PBXNativeTarget;
			buildConfigurationList = E9A1551725E4E80500128708 /* Build configuration list for PBXNativeTarget "EditVideoDemo" */;
			buildPhases = (
				E9A154FF25E4E80400128708 /* Sources */,
				E9A1550025E4E80400128708 /* Frameworks */,
				E9A1550125E4E80400128708 /* Resources */,
			);
			buildRules = (
			);
			dependencies = (
			);
			name = EditVideoDemo;
			productName = EditVideoDemo;
			productReference = E9A1550325E4E80400128708 /* EditVideoDemo.app */;
			productType = "com.apple.product-type.application";
		};
/* End PBXNativeTarget section */

/* Begin PBXProject section */
		E9A154FB25E4E80400128708 /* Project object */ = {
			isa = PBXProject;
			attributes = {
				LastSwiftUpdateCheck = 1240;
				LastUpgradeCheck = 1240;
				TargetAttributes = {
					E9A1550225E4E80400128708 = {
						CreatedOnToolsVersion = 12.4;
					};
				};
			};
			buildConfigurationList = E9A154FE25E4E80400128708 /* Build configuration list for PBXProject "EditVideoDemo" */;
			compatibilityVersion = "Xcode 9.3";
			developmentRegion = en;
			hasScannedForEncodings = 0;
			knownRegions = (
				en,
				Base,
			);
			mainGroup = E9A154FA25E4E80400128708;
			productRefGroup = E9A1550425E4E80400128708 /* Products */;
			projectDirPath = "";
			projectRoot = "";
			targets = (
				E9A1550225E4E80400128708 /* EditVideoDemo */,
			);
		};
/* End PBXProject section */

/* Begin PBXResourcesBuildPhase section */
		E9A1550125E4E80400128708 /* Resources */ = {
			isa = PBXResourcesBuildPhase;
			buildActionMask = 2147483647;
			files = (
				E9A1552E25E4FFF300128708 /* Girl.mp4 in Resources */,
				E9A1551325E4E80500128708 /* LaunchScreen.storyboard in Resources */,
				E9A1551025E4E80500128708 /* Assets.xcassets in Resources */,
				E9A1552C25E4FFF300128708 /* bossSound.mp3 in Resources */,
				E9A1552D25E4FFF300128708 /* Logic.mp4 in Resources */,
				E9A1550E25E4E80400128708 /* Main.storyboard in Resources */,
				E9A1552B25E4FFF300128708 /* sound.mp3 in Resources */,
			);
			runOnlyForDeploymentPostprocessing = 0;
		};
/* End PBXResourcesBuildPhase section */

/* Begin PBXSourcesBuildPhase section */
		E9A154FF25E4E80400128708 /* Sources */ = {
			isa = PBXSourcesBuildPhase;
			buildActionMask = 2147483647;
			files = (
				E9A1553825E510BD00128708 /* UseAVFoundationViewController.swift in Sources */,
				E9A1550B25E4E80400128708 /* ViewController.swift in Sources */,
				E9A1550725E4E80400128708 /* AppDelegate.swift in Sources */,
				E9A1553325E5091600128708 /* ListenMusicViewController.swift in Sources */,
				E9A1552425E4FF7200128708 /* VideoCompositeViewController.swift in Sources */,
				E9A1550925E4E80400128708 /* SceneDelegate.swift in Sources */,
			);
			runOnlyForDeploymentPostprocessing = 0;
		};
/* End PBXSourcesBuildPhase section */

/* Begin PBXVariantGroup section */
		E9A1550C25E4E80400128708 /* Main.storyboard */ = {
			isa = PBXVariantGroup;
			children = (
				E9A1550D25E4E80400128708 /* Base */,
			);
			name = Main.storyboard;
			sourceTree = "<group>";
		};
		E9A1551125E4E80500128708 /* LaunchScreen.storyboard */ = {
			isa = PBXVariantGroup;
			children = (
				E9A1551225E4E80500128708 /* Base */,
			);
			name = LaunchScreen.storyboard;
			sourceTree = "<group>";
		};
/* End PBXVariantGroup section */

/* Begin XCBuildConfiguration section */
		E9A1551525E4E80500128708 /* Debug */ = {
			isa = XCBuildConfiguration;
			buildSettings = {
				ALWAYS_SEARCH_USER_PATHS = NO;
				CLANG_ANALYZER_NONNULL = YES;
				CLANG_ANALYZER_NUMBER_OBJECT_CONVERSION = YES_AGGRESSIVE;
				CLANG_CXX_LANGUAGE_STANDARD = "gnu++14";
				CLANG_CXX_LIBRARY = "libc++";
				CLANG_ENABLE_MODULES = YES;
				CLANG_ENABLE_OBJC_ARC = YES;
				CLANG_ENABLE_OBJC_WEAK = YES;
				CLANG_WARN_BLOCK_CAPTURE_AUTORELEASING = YES;
				CLANG_WARN_BOOL_CONVERSION = YES;
				CLANG_WARN_COMMA = YES;
				CLANG_WARN_CONSTANT_CONVERSION = YES;
				CLANG_WARN_DEPRECATED_OBJC_IMPLEMENTATIONS = YES;
				CLANG_WARN_DIRECT_OBJC_ISA_USAGE = YES_ERROR;
				CLANG_WARN_DOCUMENTATION_COMMENTS = YES;
				CLANG_WARN_EMPTY_BODY = YES;
				CLANG_WARN_ENUM_CONVERSION = YES;
				CLANG_WARN_INFINITE_RECURSION = YES;
				CLANG_WARN_INT_CONVERSION = YES;
				CLANG_WARN_NON_LITERAL_NULL_CONVERSION = YES;
				CLANG_WARN_OBJC_IMPLICIT_RETAIN_SELF = YES;
				CLANG_WARN_OBJC_LITERAL_CONVERSION = YES;
				CLANG_WARN_OBJC_ROOT_CLASS = YES_ERROR;
				CLANG_WARN_QUOTED_INCLUDE_IN_FRAMEWORK_HEADER = YES;
				CLANG_WARN_RANGE_LOOP_ANALYSIS = YES;
				CLANG_WARN_STRICT_PROTOTYPES = YES;
				CLANG_WARN_SUSPICIOUS_MOVE = YES;
				CLANG_WARN_UNGUARDED_AVAILABILITY = YES_AGGRESSIVE;
				CLANG_WARN_UNREACHABLE_CODE = YES;
				CLANG_WARN__DUPLICATE_METHOD_MATCH = YES;
				COPY_PHASE_STRIP = NO;
				DEBUG_INFORMATION_FORMAT = dwarf;
				ENABLE_STRICT_OBJC_MSGSEND = YES;
				ENABLE_TESTABILITY = YES;
				GCC_C_LANGUAGE_STANDARD = gnu11;
				GCC_DYNAMIC_NO_PIC = NO;
				GCC_NO_COMMON_BLOCKS = YES;
				GCC_OPTIMIZATION_LEVEL = 0;
				GCC_PREPROCESSOR_DEFINITIONS = (
					"DEBUG=1",
					"$(inherited)",
				);
				GCC_WARN_64_TO_32_BIT_CONVERSION = YES;
				GCC_WARN_ABOUT_RETURN_TYPE = YES_ERROR;
				GCC_WARN_UNDECLARED_SELECTOR = YES;
				GCC_WARN_UNINITIALIZED_AUTOS = YES_AGGRESSIVE;
				GCC_WARN_UNUSED_FUNCTION = YES;
				GCC_WARN_UNUSED_VARIABLE = YES;
				IPHONEOS_DEPLOYMENT_TARGET = 14.4;
				MTL_ENABLE_DEBUG_INFO = INCLUDE_SOURCE;
				MTL_FAST_MATH = YES;
				ONLY_ACTIVE_ARCH = YES;
				SDKROOT = iphoneos;
				SWIFT_ACTIVE_COMPILATION_CONDITIONS = DEBUG;
				SWIFT_OPTIMIZATION_LEVEL = "-Onone";
			};
			name = Debug;
		};
		E9A1551625E4E80500128708 /* Release */ = {
			isa = XCBuildConfiguration;
			buildSettings = {
				ALWAYS_SEARCH_USER_PATHS = NO;
				CLANG_ANALYZER_NONNULL = YES;
				CLANG_ANALYZER_NUMBER_OBJECT_CONVERSION = YES_AGGRESSIVE;
				CLANG_CXX_LANGUAGE_STANDARD = "gnu++14";
				CLANG_CXX_LIBRARY = "libc++";
				CLANG_ENABLE_MODULES = YES;
				CLANG_ENABLE_OBJC_ARC = YES;
				CLANG_ENABLE_OBJC_WEAK = YES;
				CLANG_WARN_BLOCK_CAPTURE_AUTORELEASING = YES;
				CLANG_WARN_BOOL_CONVERSION = YES;
				CLANG_WARN_COMMA = YES;
				CLANG_WARN_CONSTANT_CONVERSION = YES;
				CLANG_WARN_DEPRECATED_OBJC_IMPLEMENTATIONS = YES;
				CLANG_WARN_DIRECT_OBJC_ISA_USAGE = YES_ERROR;
				CLANG_WARN_DOCUMENTATION_COMMENTS = YES;
				CLANG_WARN_EMPTY_BODY = YES;
				CLANG_WARN_ENUM_CONVERSION = YES;
				CLANG_WARN_INFINITE_RECURSION = YES;
				CLANG_WARN_INT_CONVERSION = YES;
				CLANG_WARN_NON_LITERAL_NULL_CONVERSION = YES;
				CLANG_WARN_OBJC_IMPLICIT_RETAIN_SELF = YES;
				CLANG_WARN_OBJC_LITERAL_CONVERSION = YES;
				CLANG_WARN_OBJC_ROOT_CLASS = YES_ERROR;
				CLANG_WARN_QUOTED_INCLUDE_IN_FRAMEWORK_HEADER = YES;
				CLANG_WARN_RANGE_LOOP_ANALYSIS = YES;
				CLANG_WARN_STRICT_PROTOTYPES = YES;
				CLANG_WARN_SUSPICIOUS_MOVE = YES;
				CLANG_WARN_UNGUARDED_AVAILABILITY = YES_AGGRESSIVE;
				CLANG_WARN_UNREACHABLE_CODE = YES;
				CLANG_WARN__DUPLICATE_METHOD_MATCH = YES;
				COPY_PHASE_STRIP = NO;
				DEBUG_INFORMATION_FORMAT = "dwarf-with-dsym";
				ENABLE_NS_ASSERTIONS = NO;
				ENABLE_STRICT_OBJC_MSGSEND = YES;
				GCC_C_LANGUAGE_STANDARD = gnu11;
				GCC_NO_COMMON_BLOCKS = YES;
				GCC_WARN_64_TO_32_BIT_CONVERSION = YES;
				GCC_WARN_ABOUT_RETURN_TYPE = YES_ERROR;
				GCC_WARN_UNDECLARED_SELECTOR = YES;
				GCC_WARN_UNINITIALIZED_AUTOS = YES_AGGRESSIVE;
				GCC_WARN_UNUSED_FUNCTION = YES;
				GCC_WARN_UNUSED_VARIABLE = YES;
				IPHONEOS_DEPLOYMENT_TARGET = 14.4;
				MTL_ENABLE_DEBUG_INFO = NO;
				MTL_FAST_MATH = YES;
				SDKROOT = iphoneos;
				SWIFT_COMPILATION_MODE = wholemodule;
				SWIFT_OPTIMIZATION_LEVEL = "-O";
				VALIDATE_PRODUCT = YES;
			};
			name = Release;
		};
		E9A1551825E4E80500128708 /* Debug */ = {
			isa = XCBuildConfiguration;
			buildSettings = {
				ASSETCATALOG_COMPILER_APPICON_NAME = AppIcon;
				ASSETCATALOG_COMPILER_GLOBAL_ACCENT_COLOR_NAME = AccentColor;
				CODE_SIGN_STYLE = Automatic;
				DEVELOPMENT_TEAM = MRMHT335N6;
				INFOPLIST_FILE = EditVideoDemo/Info.plist;
				IPHONEOS_DEPLOYMENT_TARGET = 13.4;
				LD_RUNPATH_SEARCH_PATHS = (
					"$(inherited)",
					"@executable_path/Frameworks",
				);
				PRODUCT_BUNDLE_IDENTIFIER = com.xiejiapei.framework.EditVideoDemo;
				PRODUCT_NAME = "$(TARGET_NAME)";
				SWIFT_VERSION = 5.0;
				TARGETED_DEVICE_FAMILY = "1,2";
			};
			name = Debug;
		};
		E9A1551925E4E80500128708 /* Release */ = {
			isa = XCBuildConfiguration;
			buildSettings = {
				ASSETCATALOG_COMPILER_APPICON_NAME = AppIcon;
				ASSETCATALOG_COMPILER_GLOBAL_ACCENT_COLOR_NAME = AccentColor;
				CODE_SIGN_STYLE = Automatic;
				DEVELOPMENT_TEAM = MRMHT335N6;
				INFOPLIST_FILE = EditVideoDemo/Info.plist;
				IPHONEOS_DEPLOYMENT_TARGET = 13.4;
				LD_RUNPATH_SEARCH_PATHS = (
					"$(inherited)",
					"@executable_path/Frameworks",
				);
				PRODUCT_BUNDLE_IDENTIFIER = com.xiejiapei.framework.EditVideoDemo;
				PRODUCT_NAME = "$(TARGET_NAME)";
				SWIFT_VERSION = 5.0;
				TARGETED_DEVICE_FAMILY = "1,2";
			};
			name = Release;
		};
/* End XCBuildConfiguration section */

/* Begin XCConfigurationList section */
		E9A154FE25E4E80400128708 /* Build configuration list for PBXProject "EditVideoDemo" */ = {
			isa = XCConfigurationList;
			buildConfigurations = (
				E9A1551525E4E80500128708 /* Debug */,
				E9A1551625E4E80500128708 /* Release */,
			);
			defaultConfigurationIsVisible = 0;
			defaultConfigurationName = Release;
		};
		E9A1551725E4E80500128708 /* Build configuration list for PBXNativeTarget "EditVideoDemo" */ = {
			isa = XCConfigurationList;
			buildConfigurations = (
				E9A1551825E4E80500128708 /* Debug */,
				E9A1551925E4E80500128708 /* Release */,
			);
			defaultConfigurationIsVisible = 0;
			defaultConfigurationName = Release;
		};
/* End XCConfigurationList section */
	};
	rootObject = E9A154FB25E4E80400128708 /* Project object */;
}
