// !$*UTF8*$!
{
	archiveVersion = 1;
	classes = {
	};
	objectVersion = 50;
	objects = {

/* Begin PBXBuildFile section */
		E95C56D8259DB738005D2526 /* Assets.xcassets in Resources */ = {isa = PBXBuildFile; fileRef = E95C56D7259DB738005D2526 /* Assets.xcassets */; };
		E95C56DB259DB738005D2526 /* Main.storyboard in Resources */ = {isa = PBXBuildFile; fileRef = E95C56D9259DB738005D2526 /* Main.storyboard */; };
		E95C56EB259DB782005D2526 /* GLUT.framework in Frameworks */ = {isa = PBXBuildFile; fileRef = E95C56EA259DB782005D2526 /* GLUT.framework */; };
		E95C56ED259DB78A005D2526 /* OpenGL.framework in Frameworks */ = {isa = PBXBuildFile; fileRef = E95C56EC259DB78A005D2526 /* OpenGL.framework */; };
		E95C56EF259DB792005D2526 /* libGLTools.a in Frameworks */ = {isa = PBXBuildFile; fileRef = E95C56EE259DB792005D2526 /* libGLTools.a */; };
		E95C5701259DB7A6005D2526 /* main.cpp in Sources */ = {isa = PBXBuildFile; fileRef = E95C5700259DB7A6005D2526 /* main.cpp */; };
/* End PBXBuildFile section */

/* Begin PBXFileReference section */
		E95C56CE259DB736005D2526 /* DrawSquare.app */ = {isa = PBXFileReference; explicitFileType = wrapper.application; includeInIndex = 0; path = DrawSquare.app; sourceTree = BUILT_PRODUCTS_DIR; };
		E95C56D7259DB738005D2526 /* Assets.xcassets */ = {isa = PBXFileReference; lastKnownFileType = folder.assetcatalog; path = Assets.xcassets; sourceTree = "<group>"; };
		E95C56DA259DB738005D2526 /* Base */ = {isa = PBXFileReference; lastKnownFileType = file.storyboard; name = Base; path = Base.lproj/Main.storyboard; sourceTree = "<group>"; };
		E95C56DC259DB738005D2526 /* Info.plist */ = {isa = PBXFileReference; lastKnownFileType = text.plist.xml; path = Info.plist; sourceTree = "<group>"; };
		E95C56DF259DB738005D2526 /* DrawSquare.entitlements */ = {isa = PBXFileReference; lastKnownFileType = text.plist.entitlements; path = DrawSquare.entitlements; sourceTree = "<group>"; };
		E95C56EA259DB782005D2526 /* GLUT.framework */ = {isa = PBXFileReference; lastKnownFileType = wrapper.framework; name = GLUT.framework; path = System/Library/Frameworks/GLUT.framework; sourceTree = SDKROOT; };
		E95C56EC259DB78A005D2526 /* OpenGL.framework */ = {isa = PBXFileReference; lastKnownFileType = wrapper.framework; name = OpenGL.framework; path = System/Library/Frameworks/OpenGL.framework; sourceTree = SDKROOT; };
		E95C56EE259DB792005D2526 /* libGLTools.a */ = {isa = PBXFileReference; lastKnownFileType = archive.ar; path = libGLTools.a; sourceTree = "<group>"; };
		E95C56F1259DB799005D2526 /* GLBatchBase.h */ = {isa = PBXFileReference; fileEncoding = 4; lastKnownFileType = sourcecode.c.h; path = GLBatchBase.h; sourceTree = "<group>"; };
		E95C56F2259DB799005D2526 /* math3d.h */ = {isa = PBXFileReference; fileEncoding = 4; lastKnownFileType = sourcecode.c.h; path = math3d.h; sourceTree = "<group>"; };
		E95C56F3259DB799005D2526 /* GLTriangleBatch.h */ = {isa = PBXFileReference; fileEncoding = 4; lastKnownFileType = sourcecode.c.h; path = GLTriangleBatch.h; sourceTree = "<group>"; };
		E95C56F4259DB799005D2526 /* GLBatch.h */ = {isa = PBXFileReference; fileEncoding = 4; lastKnownFileType = sourcecode.c.h; path = GLBatch.h; sourceTree = "<group>"; };
		E95C56F5259DB799005D2526 /* GLMatrixStack.h */ = {isa = PBXFileReference; fileEncoding = 4; lastKnownFileType = sourcecode.c.h; path = GLMatrixStack.h; sourceTree = "<group>"; };
		E95C56F6259DB799005D2526 /* GLFrame.h */ = {isa = PBXFileReference; fileEncoding = 4; lastKnownFileType = sourcecode.c.h; path = GLFrame.h; sourceTree = "<group>"; };
		E95C56F7259DB799005D2526 /* GLFrustum.h */ = {isa = PBXFileReference; fileEncoding = 4; lastKnownFileType = sourcecode.c.h; path = GLFrustum.h; sourceTree = "<group>"; };
		E95C56F8259DB799005D2526 /* GLGeometryTransform.h */ = {isa = PBXFileReference; fileEncoding = 4; lastKnownFileType = sourcecode.c.h; path = GLGeometryTransform.h; sourceTree = "<group>"; };
		E95C56F9259DB799005D2526 /* GLShaderManager.h */ = {isa = PBXFileReference; fileEncoding = 4; lastKnownFileType = sourcecode.c.h; path = GLShaderManager.h; sourceTree = "<group>"; };
		E95C56FA259DB799005D2526 /* StopWatch.h */ = {isa = PBXFileReference; fileEncoding = 4; lastKnownFileType = sourcecode.c.h; path = StopWatch.h; sourceTree = "<group>"; };
		E95C56FC259DB799005D2526 /* glxew.h */ = {isa = PBXFileReference; fileEncoding = 4; lastKnownFileType = sourcecode.c.h; path = glxew.h; sourceTree = "<group>"; };
		E95C56FD259DB799005D2526 /* wglew.h */ = {isa = PBXFileReference; fileEncoding = 4; lastKnownFileType = sourcecode.c.h; path = wglew.h; sourceTree = "<group>"; };
		E95C56FE259DB799005D2526 /* glew.h */ = {isa = PBXFileReference; fileEncoding = 4; lastKnownFileType = sourcecode.c.h; path = glew.h; sourceTree = "<group>"; };
		E95C56FF259DB799005D2526 /* GLTools.h */ = {isa = PBXFileReference; fileEncoding = 4; lastKnownFileType = sourcecode.c.h; path = GLTools.h; sourceTree = "<group>"; };
		E95C5700259DB7A6005D2526 /* main.cpp */ = {isa = PBXFileReference; lastKnownFileType = sourcecode.cpp.cpp; path = main.cpp; sourceTree = "<group>"; };
/* End PBXFileReference section */

/* Begin PBXFrameworksBuildPhase section */
		E95C56CB259DB736005D2526 /* Frameworks */ = {
			isa = PBXFrameworksBuildPhase;
			buildActionMask = 2147483647;
			files = (
				E95C56EF259DB792005D2526 /* libGLTools.a in Frameworks */,
				E95C56ED259DB78A005D2526 /* OpenGL.framework in Frameworks */,
				E95C56EB259DB782005D2526 /* GLUT.framework in Frameworks */,
			);
			runOnlyForDeploymentPostprocessing = 0;
		};
/* End PBXFrameworksBuildPhase section */

/* Begin PBXGroup section */
		E95C56C5259DB736005D2526 = {
			isa = PBXGroup;
			children = (
				E95C56D0259DB736005D2526 /* DrawSquare */,
				E95C56CF259DB736005D2526 /* Products */,
				E95C56E9259DB781005D2526 /* Frameworks */,
			);
			sourceTree = "<group>";
		};
		E95C56CF259DB736005D2526 /* Products */ = {
			isa = PBXGroup;
			children = (
				E95C56CE259DB736005D2526 /* DrawSquare.app */,
			);
			name = Products;
			sourceTree = "<group>";
		};
		E95C56D0259DB736005D2526 /* DrawSquare */ = {
			isa = PBXGroup;
			children = (
				E95C56F0259DB799005D2526 /* include */,
				E95C56E7259DB746005D2526 /* SupportingFiles */,
				E95C56DC259DB738005D2526 /* Info.plist */,
				E95C5700259DB7A6005D2526 /* main.cpp */,
			);
			path = DrawSquare;
			sourceTree = "<group>";
		};
		E95C56E7259DB746005D2526 /* SupportingFiles */ = {
			isa = PBXGroup;
			children = (
				E95C56DF259DB738005D2526 /* DrawSquare.entitlements */,
				E95C56D7259DB738005D2526 /* Assets.xcassets */,
				E95C56D9259DB738005D2526 /* Main.storyboard */,
			);
			path = SupportingFiles;
			sourceTree = "<group>";
		};
		E95C56E9259DB781005D2526 /* Frameworks */ = {
			isa = PBXGroup;
			children = (
				E95C56EE259DB792005D2526 /* libGLTools.a */,
				E95C56EC259DB78A005D2526 /* OpenGL.framework */,
				E95C56EA259DB782005D2526 /* GLUT.framework */,
			);
			name = Frameworks;
			sourceTree = "<group>";
		};
		E95C56F0259DB799005D2526 /* include */ = {
			isa = PBXGroup;
			children = (
				E95C56F1259DB799005D2526 /* GLBatchBase.h */,
				E95C56F2259DB799005D2526 /* math3d.h */,
				E95C56F3259DB799005D2526 /* GLTriangleBatch.h */,
				E95C56F4259DB799005D2526 /* GLBatch.h */,
				E95C56F5259DB799005D2526 /* GLMatrixStack.h */,
				E95C56F6259DB799005D2526 /* GLFrame.h */,
				E95C56F7259DB799005D2526 /* GLFrustum.h */,
				E95C56F8259DB799005D2526 /* GLGeometryTransform.h */,
				E95C56F9259DB799005D2526 /* GLShaderManager.h */,
				E95C56FA259DB799005D2526 /* StopWatch.h */,
				E95C56FB259DB799005D2526 /* GL */,
				E95C56FF259DB799005D2526 /* GLTools.h */,
			);
			path = include;
			sourceTree = "<group>";
		};
		E95C56FB259DB799005D2526 /* GL */ = {
			isa = PBXGroup;
			children = (
				E95C56FC259DB799005D2526 /* glxew.h */,
				E95C56FD259DB799005D2526 /* wglew.h */,
				E95C56FE259DB799005D2526 /* glew.h */,
			);
			path = GL;
			sourceTree = "<group>";
		};
/* End PBXGroup section */

/* Begin PBXNativeTarget section */
		E95C56CD259DB736005D2526 /* DrawSquare */ = {
			isa = PBXNativeTarget;
			buildConfigurationList = E95C56E2259DB738005D2526 /* Build configuration list for PBXNativeTarget "DrawSquare" */;
			buildPhases = (
				E95C56CA259DB736005D2526 /* Sources */,
				E95C56CB259DB736005D2526 /* Frameworks */,
				E95C56CC259DB736005D2526 /* Resources */,
			);
			buildRules = (
			);
			dependencies = (
			);
			name = DrawSquare;
			productName = DrawSquare;
			productReference = E95C56CE259DB736005D2526 /* DrawSquare.app */;
			productType = "com.apple.product-type.application";
		};
/* End PBXNativeTarget section */

/* Begin PBXProject section */
		E95C56C6259DB736005D2526 /* Project object */ = {
			isa = PBXProject;
			attributes = {
				LastUpgradeCheck = 1230;
				TargetAttributes = {
					E95C56CD259DB736005D2526 = {
						CreatedOnToolsVersion = 12.3;
					};
				};
			};
			buildConfigurationList = E95C56C9259DB736005D2526 /* Build configuration list for PBXProject "DrawSquare" */;
			compatibilityVersion = "Xcode 9.3";
			developmentRegion = en;
			hasScannedForEncodings = 0;
			knownRegions = (
				en,
				Base,
			);
			mainGroup = E95C56C5259DB736005D2526;
			productRefGroup = E95C56CF259DB736005D2526 /* Products */;
			projectDirPath = "";
			projectRoot = "";
			targets = (
				E95C56CD259DB736005D2526 /* DrawSquare */,
			);
		};
/* End PBXProject section */

/* Begin PBXResourcesBuildPhase section */
		E95C56CC259DB736005D2526 /* Resources */ = {
			isa = PBXResourcesBuildPhase;
			buildActionMask = 2147483647;
			files = (
				E95C56D8259DB738005D2526 /* Assets.xcassets in Resources */,
				E95C56DB259DB738005D2526 /* Main.storyboard in Resources */,
			);
			runOnlyForDeploymentPostprocessing = 0;
		};
/* End PBXResourcesBuildPhase section */

/* Begin PBXSourcesBuildPhase section */
		E95C56CA259DB736005D2526 /* Sources */ = {
			isa = PBXSourcesBuildPhase;
			buildActionMask = 2147483647;
			files = (
				E95C5701259DB7A6005D2526 /* main.cpp in Sources */,
			);
			runOnlyForDeploymentPostprocessing = 0;
		};
/* End PBXSourcesBuildPhase section */

/* Begin PBXVariantGroup section */
		E95C56D9259DB738005D2526 /* Main.storyboard */ = {
			isa = PBXVariantGroup;
			children = (
				E95C56DA259DB738005D2526 /* Base */,
			);
			name = Main.storyboard;
			sourceTree = "<group>";
		};
/* End PBXVariantGroup section */

/* Begin XCBuildConfiguration section */
		E95C56E0259DB738005D2526 /* Debug */ = {
			isa = XCBuildConfiguration;
			buildSettings = {
				ALWAYS_SEARCH_USER_PATHS = NO;
				CLANG_ANALYZER_NONNULL = YES;
				CLANG_ANALYZER_NUMBER_OBJECT_CONVERSION = YES_AGGRESSIVE;
				CLANG_CXX_LANGUAGE_STANDARD = "gnu++14";
				CLANG_CXX_LIBRARY = "libc++";
				CLANG_ENABLE_MODULES = YES;
				CLANG_ENABLE_OBJC_ARC = YES;
				CLANG_ENABLE_OBJC_WEAK = YES;
				CLANG_WARN_BLOCK_CAPTURE_AUTORELEASING = YES;
				CLANG_WARN_BOOL_CONVERSION = YES;
				CLANG_WARN_COMMA = YES;
				CLANG_WARN_CONSTANT_CONVERSION = YES;
				CLANG_WARN_DEPRECATED_OBJC_IMPLEMENTATIONS = YES;
				CLANG_WARN_DIRECT_OBJC_ISA_USAGE = YES_ERROR;
				CLANG_WARN_DOCUMENTATION_COMMENTS = YES;
				CLANG_WARN_EMPTY_BODY = YES;
				CLANG_WARN_ENUM_CONVERSION = YES;
				CLANG_WARN_INFINITE_RECURSION = YES;
				CLANG_WARN_INT_CONVERSION = YES;
				CLANG_WARN_NON_LITERAL_NULL_CONVERSION = YES;
				CLANG_WARN_OBJC_IMPLICIT_RETAIN_SELF = YES;
				CLANG_WARN_OBJC_LITERAL_CONVERSION = YES;
				CLANG_WARN_OBJC_ROOT_CLASS = YES_ERROR;
				CLANG_WARN_QUOTED_INCLUDE_IN_FRAMEWORK_HEADER = YES;
				CLANG_WARN_RANGE_LOOP_ANALYSIS = YES;
				CLANG_WARN_STRICT_PROTOTYPES = YES;
				CLANG_WARN_SUSPICIOUS_MOVE = YES;
				CLANG_WARN_UNGUARDED_AVAILABILITY = YES_AGGRESSIVE;
				CLANG_WARN_UNREACHABLE_CODE = YES;
				CLANG_WARN__DUPLICATE_METHOD_MATCH = YES;
				COPY_PHASE_STRIP = NO;
				DEBUG_INFORMATION_FORMAT = dwarf;
				ENABLE_STRICT_OBJC_MSGSEND = YES;
				ENABLE_TESTABILITY = YES;
				GCC_C_LANGUAGE_STANDARD = gnu11;
				GCC_DYNAMIC_NO_PIC = NO;
				GCC_NO_COMMON_BLOCKS = YES;
				GCC_OPTIMIZATION_LEVEL = 0;
				GCC_PREPROCESSOR_DEFINITIONS = (
					"DEBUG=1",
					"$(inherited)",
				);
				GCC_WARN_64_TO_32_BIT_CONVERSION = YES;
				GCC_WARN_ABOUT_RETURN_TYPE = YES_ERROR;
				GCC_WARN_UNDECLARED_SELECTOR = YES;
				GCC_WARN_UNINITIALIZED_AUTOS = YES_AGGRESSIVE;
				GCC_WARN_UNUSED_FUNCTION = YES;
				GCC_WARN_UNUSED_VARIABLE = YES;
				MACOSX_DEPLOYMENT_TARGET = 11.1;
				MTL_ENABLE_DEBUG_INFO = INCLUDE_SOURCE;
				MTL_FAST_MATH = YES;
				ONLY_ACTIVE_ARCH = YES;
				SDKROOT = macosx;
			};
			name = Debug;
		};
		E95C56E1259DB738005D2526 /* Release */ = {
			isa = XCBuildConfiguration;
			buildSettings = {
				ALWAYS_SEARCH_USER_PATHS = NO;
				CLANG_ANALYZER_NONNULL = YES;
				CLANG_ANALYZER_NUMBER_OBJECT_CONVERSION = YES_AGGRESSIVE;
				CLANG_CXX_LANGUAGE_STANDARD = "gnu++14";
				CLANG_CXX_LIBRARY = "libc++";
				CLANG_ENABLE_MODULES = YES;
				CLANG_ENABLE_OBJC_ARC = YES;
				CLANG_ENABLE_OBJC_WEAK = YES;
				CLANG_WARN_BLOCK_CAPTURE_AUTORELEASING = YES;
				CLANG_WARN_BOOL_CONVERSION = YES;
				CLANG_WARN_COMMA = YES;
				CLANG_WARN_CONSTANT_CONVERSION = YES;
				CLANG_WARN_DEPRECATED_OBJC_IMPLEMENTATIONS = YES;
				CLANG_WARN_DIRECT_OBJC_ISA_USAGE = YES_ERROR;
				CLANG_WARN_DOCUMENTATION_COMMENTS = YES;
				CLANG_WARN_EMPTY_BODY = YES;
				CLANG_WARN_ENUM_CONVERSION = YES;
				CLANG_WARN_INFINITE_RECURSION = YES;
				CLANG_WARN_INT_CONVERSION = YES;
				CLANG_WARN_NON_LITERAL_NULL_CONVERSION = YES;
				CLANG_WARN_OBJC_IMPLICIT_RETAIN_SELF = YES;
				CLANG_WARN_OBJC_LITERAL_CONVERSION = YES;
				CLANG_WARN_OBJC_ROOT_CLASS = YES_ERROR;
				CLANG_WARN_QUOTED_INCLUDE_IN_FRAMEWORK_HEADER = YES;
				CLANG_WARN_RANGE_LOOP_ANALYSIS = YES;
				CLANG_WARN_STRICT_PROTOTYPES = YES;
				CLANG_WARN_SUSPICIOUS_MOVE = YES;
				CLANG_WARN_UNGUARDED_AVAILABILITY = YES_AGGRESSIVE;
				CLANG_WARN_UNREACHABLE_CODE = YES;
				CLANG_WARN__DUPLICATE_METHOD_MATCH = YES;
				COPY_PHASE_STRIP = NO;
				DEBUG_INFORMATION_FORMAT = "dwarf-with-dsym";
				ENABLE_NS_ASSERTIONS = NO;
				ENABLE_STRICT_OBJC_MSGSEND = YES;
				GCC_C_LANGUAGE_STANDARD = gnu11;
				GCC_NO_COMMON_BLOCKS = YES;
				GCC_WARN_64_TO_32_BIT_CONVERSION = YES;
				GCC_WARN_ABOUT_RETURN_TYPE = YES_ERROR;
				GCC_WARN_UNDECLARED_SELECTOR = YES;
				GCC_WARN_UNINITIALIZED_AUTOS = YES_AGGRESSIVE;
				GCC_WARN_UNUSED_FUNCTION = YES;
				GCC_WARN_UNUSED_VARIABLE = YES;
				MACOSX_DEPLOYMENT_TARGET = 11.1;
				MTL_ENABLE_DEBUG_INFO = NO;
				MTL_FAST_MATH = YES;
				SDKROOT = macosx;
			};
			name = Release;
		};
		E95C56E3259DB738005D2526 /* Debug */ = {
			isa = XCBuildConfiguration;
			buildSettings = {
				ASSETCATALOG_COMPILER_APPICON_NAME = AppIcon;
				ASSETCATALOG_COMPILER_GLOBAL_ACCENT_COLOR_NAME = AccentColor;
				CODE_SIGN_ENTITLEMENTS = DrawSquare/DrawSquare.entitlements;
				CODE_SIGN_STYLE = Automatic;
				COMBINE_HIDPI_IMAGES = YES;
				INFOPLIST_FILE = DrawSquare/Info.plist;
				LD_RUNPATH_SEARCH_PATHS = (
					"$(inherited)",
					"@executable_path/../Frameworks",
				);
				LIBRARY_SEARCH_PATHS = (
					"$(inherited)",
					"$(PROJECT_DIR)",
				);
				PRODUCT_BUNDLE_IDENTIFIER = com.xiejiapei.DrawSquare;
				PRODUCT_NAME = "$(TARGET_NAME)";
			};
			name = Debug;
		};
		E95C56E4259DB738005D2526 /* Release */ = {
			isa = XCBuildConfiguration;
			buildSettings = {
				ASSETCATALOG_COMPILER_APPICON_NAME = AppIcon;
				ASSETCATALOG_COMPILER_GLOBAL_ACCENT_COLOR_NAME = AccentColor;
				CODE_SIGN_ENTITLEMENTS = DrawSquare/DrawSquare.entitlements;
				CODE_SIGN_STYLE = Automatic;
				COMBINE_HIDPI_IMAGES = YES;
				INFOPLIST_FILE = DrawSquare/Info.plist;
				LD_RUNPATH_SEARCH_PATHS = (
					"$(inherited)",
					"@executable_path/../Frameworks",
				);
				LIBRARY_SEARCH_PATHS = (
					"$(inherited)",
					"$(PROJECT_DIR)",
				);
				PRODUCT_BUNDLE_IDENTIFIER = com.xiejiapei.DrawSquare;
				PRODUCT_NAME = "$(TARGET_NAME)";
			};
			name = Release;
		};
/* End XCBuildConfiguration section */

/* Begin XCConfigurationList section */
		E95C56C9259DB736005D2526 /* Build configuration list for PBXProject "DrawSquare" */ = {
			isa = XCConfigurationList;
			buildConfigurations = (
				E95C56E0259DB738005D2526 /* Debug */,
				E95C56E1259DB738005D2526 /* Release */,
			);
			defaultConfigurationIsVisible = 0;
			defaultConfigurationName = Release;
		};
		E95C56E2259DB738005D2526 /* Build configuration list for PBXNativeTarget "DrawSquare" */ = {
			isa = XCConfigurationList;
			buildConfigurations = (
				E95C56E3259DB738005D2526 /* Debug */,
				E95C56E4259DB738005D2526 /* Release */,
			);
			defaultConfigurationIsVisible = 0;
			defaultConfigurationName = Release;
		};
/* End XCConfigurationList section */
	};
	rootObject = E95C56C6259DB736005D2526 /* Project object */;
}
