// !$*UTF8*$!
{
	archiveVersion = 1;
	classes = {
	};
	objectVersion = 50;
	objects = {

/* Begin PBXBuildFile section */
		E92C1B3A24FF460F00417EE7 /* AppDelegate.m in Sources */ = {isa = PBXBuildFile; fileRef = E92C1B3924FF460F00417EE7 /* AppDelegate.m */; };
		E92C1B3D24FF460F00417EE7 /* SceneDelegate.m in Sources */ = {isa = PBXBuildFile; fileRef = E92C1B3C24FF460F00417EE7 /* SceneDelegate.m */; };
		E92C1B4024FF460F00417EE7 /* ViewController.m in Sources */ = {isa = PBXBuildFile; fileRef = E92C1B3F24FF460F00417EE7 /* ViewController.m */; };
		E92C1B4324FF460F00417EE7 /* Main.storyboard in Resources */ = {isa = PBXBuildFile; fileRef = E92C1B4124FF460F00417EE7 /* Main.storyboard */; };
		E92C1B4524FF460F00417EE7 /* Assets.xcassets in Resources */ = {isa = PBXBuildFile; fileRef = E92C1B4424FF460F00417EE7 /* Assets.xcassets */; };
		E92C1B4824FF460F00417EE7 /* LaunchScreen.storyboard in Resources */ = {isa = PBXBuildFile; fileRef = E92C1B4624FF460F00417EE7 /* LaunchScreen.storyboard */; };
		E92C1B4B24FF460F00417EE7 /* main.m in Sources */ = {isa = PBXBuildFile; fileRef = E92C1B4A24FF460F00417EE7 /* main.m */; };
		E92C1B5324FF462A00417EE7 /* haarcascade_frontalface_alt2.xml in Resources */ = {isa = PBXBuildFile; fileRef = E92C1B5224FF462A00417EE7 /* haarcascade_frontalface_alt2.xml */; };
		E92C1B5524FF465500417EE7 /* ViewController.mm in Sources */ = {isa = PBXBuildFile; fileRef = E92C1B5424FF465500417EE7 /* ViewController.mm */; };
/* End PBXBuildFile section */

/* Begin PBXFileReference section */
		E92C1B3524FF460F00417EE7 /* OpenCVTest.app */ = {isa = PBXFileReference; explicitFileType = wrapper.application; includeInIndex = 0; path = OpenCVTest.app; sourceTree = BUILT_PRODUCTS_DIR; };
		E92C1B3824FF460F00417EE7 /* AppDelegate.h */ = {isa = PBXFileReference; lastKnownFileType = sourcecode.c.h; path = AppDelegate.h; sourceTree = "<group>"; };
		E92C1B3924FF460F00417EE7 /* AppDelegate.m */ = {isa = PBXFileReference; lastKnownFileType = sourcecode.c.objc; path = AppDelegate.m; sourceTree = "<group>"; };
		E92C1B3B24FF460F00417EE7 /* SceneDelegate.h */ = {isa = PBXFileReference; lastKnownFileType = sourcecode.c.h; path = SceneDelegate.h; sourceTree = "<group>"; };
		E92C1B3C24FF460F00417EE7 /* SceneDelegate.m */ = {isa = PBXFileReference; lastKnownFileType = sourcecode.c.objc; path = SceneDelegate.m; sourceTree = "<group>"; };
		E92C1B3E24FF460F00417EE7 /* ViewController.h */ = {isa = PBXFileReference; lastKnownFileType = sourcecode.c.h; path = ViewController.h; sourceTree = "<group>"; };
		E92C1B3F24FF460F00417EE7 /* ViewController.m */ = {isa = PBXFileReference; lastKnownFileType = sourcecode.c.objc; path = ViewController.m; sourceTree = "<group>"; };
		E92C1B4224FF460F00417EE7 /* Base */ = {isa = PBXFileReference; lastKnownFileType = file.storyboard; name = Base; path = Base.lproj/Main.storyboard; sourceTree = "<group>"; };
		E92C1B4424FF460F00417EE7 /* Assets.xcassets */ = {isa = PBXFileReference; lastKnownFileType = folder.assetcatalog; path = Assets.xcassets; sourceTree = "<group>"; };
		E92C1B4724FF460F00417EE7 /* Base */ = {isa = PBXFileReference; lastKnownFileType = file.storyboard; name = Base; path = Base.lproj/LaunchScreen.storyboard; sourceTree = "<group>"; };
		E92C1B4924FF460F00417EE7 /* Info.plist */ = {isa = PBXFileReference; lastKnownFileType = text.plist.xml; path = Info.plist; sourceTree = "<group>"; };
		E92C1B4A24FF460F00417EE7 /* main.m */ = {isa = PBXFileReference; lastKnownFileType = sourcecode.c.objc; path = main.m; sourceTree = "<group>"; };
		E92C1B5224FF462A00417EE7 /* haarcascade_frontalface_alt2.xml */ = {isa = PBXFileReference; fileEncoding = 4; lastKnownFileType = text.xml; path = haarcascade_frontalface_alt2.xml; sourceTree = "<group>"; };
		E92C1B5424FF465500417EE7 /* ViewController.mm */ = {isa = PBXFileReference; fileEncoding = 4; lastKnownFileType = sourcecode.cpp.objcpp; path = ViewController.mm; sourceTree = "<group>"; };
/* End PBXFileReference section */

/* Begin PBXFrameworksBuildPhase section */
		E92C1B3224FF460F00417EE7 /* Frameworks */ = {
			isa = PBXFrameworksBuildPhase;
			buildActionMask = 2147483647;
			files = (
			);
			runOnlyForDeploymentPostprocessing = 0;
		};
/* End PBXFrameworksBuildPhase section */

/* Begin PBXGroup section */
		E92C1B2C24FF460F00417EE7 = {
			isa = PBXGroup;
			children = (
				E92C1B3724FF460F00417EE7 /* OpenCVTest */,
				E92C1B3624FF460F00417EE7 /* Products */,
			);
			sourceTree = "<group>";
		};
		E92C1B3624FF460F00417EE7 /* Products */ = {
			isa = PBXGroup;
			children = (
				E92C1B3524FF460F00417EE7 /* OpenCVTest.app */,
			);
			name = Products;
			sourceTree = "<group>";
		};
		E92C1B3724FF460F00417EE7 /* OpenCVTest */ = {
			isa = PBXGroup;
			children = (
				E92C1B5424FF465500417EE7 /* ViewController.mm */,
				E92C1B5224FF462A00417EE7 /* haarcascade_frontalface_alt2.xml */,
				E92C1B5124FF461300417EE7 /* SupportingFiles */,
				E92C1B4924FF460F00417EE7 /* Info.plist */,
			);
			path = OpenCVTest;
			sourceTree = "<group>";
		};
		E92C1B5124FF461300417EE7 /* SupportingFiles */ = {
			isa = PBXGroup;
			children = (
				E92C1B3824FF460F00417EE7 /* AppDelegate.h */,
				E92C1B3924FF460F00417EE7 /* AppDelegate.m */,
				E92C1B3B24FF460F00417EE7 /* SceneDelegate.h */,
				E92C1B3C24FF460F00417EE7 /* SceneDelegate.m */,
				E92C1B3E24FF460F00417EE7 /* ViewController.h */,
				E92C1B3F24FF460F00417EE7 /* ViewController.m */,
				E92C1B4124FF460F00417EE7 /* Main.storyboard */,
				E92C1B4424FF460F00417EE7 /* Assets.xcassets */,
				E92C1B4624FF460F00417EE7 /* LaunchScreen.storyboard */,
				E92C1B4A24FF460F00417EE7 /* main.m */,
			);
			path = SupportingFiles;
			sourceTree = "<group>";
		};
/* End PBXGroup section */

/* Begin PBXNativeTarget section */
		E92C1B3424FF460F00417EE7 /* OpenCVTest */ = {
			isa = PBXNativeTarget;
			buildConfigurationList = E92C1B4E24FF460F00417EE7 /* Build configuration list for PBXNativeTarget "OpenCVTest" */;
			buildPhases = (
				E92C1B3124FF460F00417EE7 /* Sources */,
				E92C1B3224FF460F00417EE7 /* Frameworks */,
				E92C1B3324FF460F00417EE7 /* Resources */,
			);
			buildRules = (
			);
			dependencies = (
			);
			name = OpenCVTest;
			productName = OpenCVTest;
			productReference = E92C1B3524FF460F00417EE7 /* OpenCVTest.app */;
			productType = "com.apple.product-type.application";
		};
/* End PBXNativeTarget section */

/* Begin PBXProject section */
		E92C1B2D24FF460F00417EE7 /* Project object */ = {
			isa = PBXProject;
			attributes = {
				LastUpgradeCheck = 1160;
				ORGANIZATIONNAME = xiejiapei;
				TargetAttributes = {
					E92C1B3424FF460F00417EE7 = {
						CreatedOnToolsVersion = 11.6;
					};
				};
			};
			buildConfigurationList = E92C1B3024FF460F00417EE7 /* Build configuration list for PBXProject "OpenCVTest" */;
			compatibilityVersion = "Xcode 9.3";
			developmentRegion = en;
			hasScannedForEncodings = 0;
			knownRegions = (
				en,
				Base,
			);
			mainGroup = E92C1B2C24FF460F00417EE7;
			productRefGroup = E92C1B3624FF460F00417EE7 /* Products */;
			projectDirPath = "";
			projectRoot = "";
			targets = (
				E92C1B3424FF460F00417EE7 /* OpenCVTest */,
			);
		};
/* End PBXProject section */

/* Begin PBXResourcesBuildPhase section */
		E92C1B3324FF460F00417EE7 /* Resources */ = {
			isa = PBXResourcesBuildPhase;
			buildActionMask = 2147483647;
			files = (
				E92C1B4824FF460F00417EE7 /* LaunchScreen.storyboard in Resources */,
				E92C1B4524FF460F00417EE7 /* Assets.xcassets in Resources */,
				E92C1B5324FF462A00417EE7 /* haarcascade_frontalface_alt2.xml in Resources */,
				E92C1B4324FF460F00417EE7 /* Main.storyboard in Resources */,
			);
			runOnlyForDeploymentPostprocessing = 0;
		};
/* End PBXResourcesBuildPhase section */

/* Begin PBXSourcesBuildPhase section */
		E92C1B3124FF460F00417EE7 /* Sources */ = {
			isa = PBXSourcesBuildPhase;
			buildActionMask = 2147483647;
			files = (
				E92C1B4024FF460F00417EE7 /* ViewController.m in Sources */,
				E92C1B3A24FF460F00417EE7 /* AppDelegate.m in Sources */,
				E92C1B5524FF465500417EE7 /* ViewController.mm in Sources */,
				E92C1B4B24FF460F00417EE7 /* main.m in Sources */,
				E92C1B3D24FF460F00417EE7 /* SceneDelegate.m in Sources */,
			);
			runOnlyForDeploymentPostprocessing = 0;
		};
/* End PBXSourcesBuildPhase section */

/* Begin PBXVariantGroup section */
		E92C1B4124FF460F00417EE7 /* Main.storyboard */ = {
			isa = PBXVariantGroup;
			children = (
				E92C1B4224FF460F00417EE7 /* Base */,
			);
			name = Main.storyboard;
			sourceTree = "<group>";
		};
		E92C1B4624FF460F00417EE7 /* LaunchScreen.storyboard */ = {
			isa = PBXVariantGroup;
			children = (
				E92C1B4724FF460F00417EE7 /* Base */,
			);
			name = LaunchScreen.storyboard;
			sourceTree = "<group>";
		};
/* End PBXVariantGroup section */

/* Begin XCBuildConfiguration section */
		E92C1B4C24FF460F00417EE7 /* Debug */ = {
			isa = XCBuildConfiguration;
			buildSettings = {
				ALWAYS_SEARCH_USER_PATHS = NO;
				CLANG_ANALYZER_NONNULL = YES;
				CLANG_ANALYZER_NUMBER_OBJECT_CONVERSION = YES_AGGRESSIVE;
				CLANG_CXX_LANGUAGE_STANDARD = "gnu++14";
				CLANG_CXX_LIBRARY = "libc++";
				CLANG_ENABLE_MODULES = YES;
				CLANG_ENABLE_OBJC_ARC = YES;
				CLANG_ENABLE_OBJC_WEAK = YES;
				CLANG_WARN_BLOCK_CAPTURE_AUTORELEASING = YES;
				CLANG_WARN_BOOL_CONVERSION = YES;
				CLANG_WARN_COMMA = YES;
				CLANG_WARN_CONSTANT_CONVERSION = YES;
				CLANG_WARN_DEPRECATED_OBJC_IMPLEMENTATIONS = YES;
				CLANG_WARN_DIRECT_OBJC_ISA_USAGE = YES_ERROR;
				CLANG_WARN_DOCUMENTATION_COMMENTS = YES;
				CLANG_WARN_EMPTY_BODY = YES;
				CLANG_WARN_ENUM_CONVERSION = YES;
				CLANG_WARN_INFINITE_RECURSION = YES;
				CLANG_WARN_INT_CONVERSION = YES;
				CLANG_WARN_NON_LITERAL_NULL_CONVERSION = YES;
				CLANG_WARN_OBJC_IMPLICIT_RETAIN_SELF = YES;
				CLANG_WARN_OBJC_LITERAL_CONVERSION = YES;
				CLANG_WARN_OBJC_ROOT_CLASS = YES_ERROR;
				CLANG_WARN_RANGE_LOOP_ANALYSIS = YES;
				CLANG_WARN_STRICT_PROTOTYPES = YES;
				CLANG_WARN_SUSPICIOUS_MOVE = YES;
				CLANG_WARN_UNGUARDED_AVAILABILITY = YES_AGGRESSIVE;
				CLANG_WARN_UNREACHABLE_CODE = YES;
				CLANG_WARN__DUPLICATE_METHOD_MATCH = YES;
				COPY_PHASE_STRIP = NO;
				DEBUG_INFORMATION_FORMAT = dwarf;
				ENABLE_STRICT_OBJC_MSGSEND = YES;
				ENABLE_TESTABILITY = YES;
				GCC_C_LANGUAGE_STANDARD = gnu11;
				GCC_DYNAMIC_NO_PIC = NO;
				GCC_NO_COMMON_BLOCKS = YES;
				GCC_OPTIMIZATION_LEVEL = 0;
				GCC_PREPROCESSOR_DEFINITIONS = (
					"DEBUG=1",
					"$(inherited)",
				);
				GCC_WARN_64_TO_32_BIT_CONVERSION = YES;
				GCC_WARN_ABOUT_RETURN_TYPE = YES_ERROR;
				GCC_WARN_UNDECLARED_SELECTOR = YES;
				GCC_WARN_UNINITIALIZED_AUTOS = YES_AGGRESSIVE;
				GCC_WARN_UNUSED_FUNCTION = YES;
				GCC_WARN_UNUSED_VARIABLE = YES;
				IPHONEOS_DEPLOYMENT_TARGET = 13.6;
				MTL_ENABLE_DEBUG_INFO = INCLUDE_SOURCE;
				MTL_FAST_MATH = YES;
				ONLY_ACTIVE_ARCH = YES;
				SDKROOT = iphoneos;
			};
			name = Debug;
		};
		E92C1B4D24FF460F00417EE7 /* Release */ = {
			isa = XCBuildConfiguration;
			buildSettings = {
				ALWAYS_SEARCH_USER_PATHS = NO;
				CLANG_ANALYZER_NONNULL = YES;
				CLANG_ANALYZER_NUMBER_OBJECT_CONVERSION = YES_AGGRESSIVE;
				CLANG_CXX_LANGUAGE_STANDARD = "gnu++14";
				CLANG_CXX_LIBRARY = "libc++";
				CLANG_ENABLE_MODULES = YES;
				CLANG_ENABLE_OBJC_ARC = YES;
				CLANG_ENABLE_OBJC_WEAK = YES;
				CLANG_WARN_BLOCK_CAPTURE_AUTORELEASING = YES;
				CLANG_WARN_BOOL_CONVERSION = YES;
				CLANG_WARN_COMMA = YES;
				CLANG_WARN_CONSTANT_CONVERSION = YES;
				CLANG_WARN_DEPRECATED_OBJC_IMPLEMENTATIONS = YES;
				CLANG_WARN_DIRECT_OBJC_ISA_USAGE = YES_ERROR;
				CLANG_WARN_DOCUMENTATION_COMMENTS = YES;
				CLANG_WARN_EMPTY_BODY = YES;
				CLANG_WARN_ENUM_CONVERSION = YES;
				CLANG_WARN_INFINITE_RECURSION = YES;
				CLANG_WARN_INT_CONVERSION = YES;
				CLANG_WARN_NON_LITERAL_NULL_CONVERSION = YES;
				CLANG_WARN_OBJC_IMPLICIT_RETAIN_SELF = YES;
				CLANG_WARN_OBJC_LITERAL_CONVERSION = YES;
				CLANG_WARN_OBJC_ROOT_CLASS = YES_ERROR;
				CLANG_WARN_RANGE_LOOP_ANALYSIS = YES;
				CLANG_WARN_STRICT_PROTOTYPES = YES;
				CLANG_WARN_SUSPICIOUS_MOVE = YES;
				CLANG_WARN_UNGUARDED_AVAILABILITY = YES_AGGRESSIVE;
				CLANG_WARN_UNREACHABLE_CODE = YES;
				CLANG_WARN__DUPLICATE_METHOD_MATCH = YES;
				COPY_PHASE_STRIP = NO;
				DEBUG_INFORMATION_FORMAT = "dwarf-with-dsym";
				ENABLE_NS_ASSERTIONS = NO;
				ENABLE_STRICT_OBJC_MSGSEND = YES;
				GCC_C_LANGUAGE_STANDARD = gnu11;
				GCC_NO_COMMON_BLOCKS = YES;
				GCC_WARN_64_TO_32_BIT_CONVERSION = YES;
				GCC_WARN_ABOUT_RETURN_TYPE = YES_ERROR;
				GCC_WARN_UNDECLARED_SELECTOR = YES;
				GCC_WARN_UNINITIALIZED_AUTOS = YES_AGGRESSIVE;
				GCC_WARN_UNUSED_FUNCTION = YES;
				GCC_WARN_UNUSED_VARIABLE = YES;
				IPHONEOS_DEPLOYMENT_TARGET = 13.6;
				MTL_ENABLE_DEBUG_INFO = NO;
				MTL_FAST_MATH = YES;
				SDKROOT = iphoneos;
				VALIDATE_PRODUCT = YES;
			};
			name = Release;
		};
		E92C1B4F24FF460F00417EE7 /* Debug */ = {
			isa = XCBuildConfiguration;
			buildSettings = {
				ASSETCATALOG_COMPILER_APPICON_NAME = AppIcon;
				CODE_SIGN_STYLE = Automatic;
				DEVELOPMENT_TEAM = MRMHT335N6;
				INFOPLIST_FILE = OpenCVTest/Info.plist;
				LD_RUNPATH_SEARCH_PATHS = (
					"$(inherited)",
					"@executable_path/Frameworks",
				);
				PRODUCT_BUNDLE_IDENTIFIER = com.xiejiapei.OpenCVTest;
				PRODUCT_NAME = "$(TARGET_NAME)";
				TARGETED_DEVICE_FAMILY = "1,2";
			};
			name = Debug;
		};
		E92C1B5024FF460F00417EE7 /* Release */ = {
			isa = XCBuildConfiguration;
			buildSettings = {
				ASSETCATALOG_COMPILER_APPICON_NAME = AppIcon;
				CODE_SIGN_STYLE = Automatic;
				DEVELOPMENT_TEAM = MRMHT335N6;
				INFOPLIST_FILE = OpenCVTest/Info.plist;
				LD_RUNPATH_SEARCH_PATHS = (
					"$(inherited)",
					"@executable_path/Frameworks",
				);
				PRODUCT_BUNDLE_IDENTIFIER = com.xiejiapei.OpenCVTest;
				PRODUCT_NAME = "$(TARGET_NAME)";
				TARGETED_DEVICE_FAMILY = "1,2";
			};
			name = Release;
		};
/* End XCBuildConfiguration section */

/* Begin XCConfigurationList section */
		E92C1B3024FF460F00417EE7 /* Build configuration list for PBXProject "OpenCVTest" */ = {
			isa = XCConfigurationList;
			buildConfigurations = (
				E92C1B4C24FF460F00417EE7 /* Debug */,
				E92C1B4D24FF460F00417EE7 /* Release */,
			);
			defaultConfigurationIsVisible = 0;
			defaultConfigurationName = Release;
		};
		E92C1B4E24FF460F00417EE7 /* Build configuration list for PBXNativeTarget "OpenCVTest" */ = {
			isa = XCConfigurationList;
			buildConfigurations = (
				E92C1B4F24FF460F00417EE7 /* Debug */,
				E92C1B5024FF460F00417EE7 /* Release */,
			);
			defaultConfigurationIsVisible = 0;
			defaultConfigurationName = Release;
		};
/* End XCConfigurationList section */
	};
	rootObject = E92C1B2D24FF460F00417EE7 /* Project object */;
}
